
Microsoft Visual Studio Solution File, Format Version 12.00
# Visual Studio 15
VisualStudioVersion = 15.0.28307.168
MinimumVisualStudioVersion = 10.0.40219.1
Project("{FAE04EC0-301F-11D3-BF4B-00C04F79EFBC}") = "ExamFA.Impl", "ExamFA.Impl\ExamFA.Impl.csproj", "{368D4D83-7159-4B73-9BA6-0B880473F796}"
EndProject
Project("{FAE04EC0-301F-11D3-BF4B-00C04F79EFBC}") = "ExamFA.Tests", "ExamFA.Tests\ExamFA.Tests.csproj", "{BC6453B2-7AE0-4889-B3CA-29AF9E078645}"
EndProject
Global
	GlobalSection(SolutionConfigurationPlatforms) = preSolution
		Debug|Any CPU = Debug|Any CPU
		Release|Any CPU = Release|Any CPU
	EndGlobalSection
	GlobalSection(ProjectConfigurationPlatforms) = postSolution
		{368D4D83-7159-4B73-9BA6-0B880473F796}.Debug|Any CPU.ActiveCfg = Debug|Any CPU
		{368D4D83-7159-4B73-9BA6-0B880473F796}.Debug|Any CPU.Build.0 = Debug|Any CPU
		{368D4D83-7159-4B73-9BA6-0B880473F796}.Release|Any CPU.ActiveCfg = Release|Any CPU
		{368D4D83-7159-4B73-9BA6-0B880473F796}.Release|Any CPU.Build.0 = Release|Any CPU
		{BC6453B2-7AE0-4889-B3CA-29AF9E078645}.Debug|Any CPU.ActiveCfg = Debug|Any CPU
		{BC6453B2-7AE0-4889-B3CA-29AF9E078645}.Debug|Any CPU.Build.0 = Debug|Any CPU
		{BC6453B2-7AE0-4889-B3CA-29AF9E078645}.Release|Any CPU.ActiveCfg = Release|Any CPU
		{BC6453B2-7AE0-4889-B3CA-29AF9E078645}.Release|Any CPU.Build.0 = Release|Any CPU
	EndGlobalSection
	GlobalSection(SolutionProperties) = preSolution
		HideSolutionNode = FALSE
	EndGlobalSection
	GlobalSection(ExtensibilityGlobals) = postSolution
		SolutionGuid = {38FD19A6-1620-4CEA-B041-8068C64D2CF6}
	EndGlobalSection
EndGlobal
